
Microsoft Visual Studio Solution File, Format Version 12.00
Project("{2150E333-8FDC-42A3-9474-1A3956D46DE8}") = "DefaultExchange", "DefaultExchange", "{C9A3E7E4-64E5-45E0-9D15-B388EF676F8F}"
EndProject
Project("{FAE04EC0-301F-11D3-BF4B-00C04F79EFBC}") = "DefaultExchange.publisher", "DefaultExchange\DefaultExchange.publisher\DefaultExchange.publisher.csproj", "{98D85CB1-F132-497C-9D80-0AF710BF7971}"
EndProject
Project("{FAE04EC0-301F-11D3-BF4B-00C04F79EFBC}") = "DefaultExchange.subscriber", "DefaultExchange\DefaultExchange.subscriber\DefaultExchange.subscriber.csproj", "{F4BA6E7F-E1A7-4D9C-A429-839AD263D2CB}"
EndProject
Project("{2150E333-8FDC-42A3-9474-1A3956D46DE8}") = "FanoutExchange", "FanoutExchange", "{511FB84B-57FD-4B53-A1E1-B960A28C2C92}"
EndProject
Project("{FAE04EC0-301F-11D3-BF4B-00C04F79EFBC}") = "FanoutExchange.publisher", "FanoutExchange\FanoutExchange.publisher\FanoutExchange.publisher.csproj", "{F5D5F10E-21EB-4DEE-971A-F691FC8885F5}"
EndProject
Project("{FAE04EC0-301F-11D3-BF4B-00C04F79EFBC}") = "FanoutExchange.subscriber", "FanoutExchange\FanoutExchange.subscriber\FanoutExchange.subscriber.csproj", "{C1C27D75-C917-408D-9C3F-9D2004DC784F}"
EndProject
Project("{2150E333-8FDC-42A3-9474-1A3956D46DE8}") = "DirectExchange", "DirectExchange", "{FA339A34-2776-4250-AD5E-56CCBDFAE637}"
EndProject
Project("{FAE04EC0-301F-11D3-BF4B-00C04F79EFBC}") = "DirectExchange.publisher", "DirectExchange\DirectExchange.publisher\DirectExchange.publisher.csproj", "{19EA2FE3-08E3-4636-B611-86A90A9B9A97}"
EndProject
Project("{FAE04EC0-301F-11D3-BF4B-00C04F79EFBC}") = "DirectExchange.subscriber", "DirectExchange\DirectExchange.subscriber\DirectExchange.subscriber.csproj", "{8132944E-204A-4100-A424-FF8C7C188890}"
EndProject
Project("{2150E333-8FDC-42A3-9474-1A3956D46DE8}") = "TopicExchange", "TopicExchange", "{F1911B8F-ABC9-4F49-9C1E-30BA1E5D874E}"
EndProject
Project("{FAE04EC0-301F-11D3-BF4B-00C04F79EFBC}") = "TopicExchange.publisher", "TopicExchange\TopicExchange.publisher\TopicExchange.publisher.csproj", "{892A703F-123F-4FD9-AC82-5218F5A6E267}"
EndProject
Project("{FAE04EC0-301F-11D3-BF4B-00C04F79EFBC}") = "TopicExchange.subscriber", "TopicExchange\TopicExchange.subscriber\TopicExchange.subscriber.csproj", "{61568B82-0777-465F-B507-000EAF70D51C}"
EndProject
Global
	GlobalSection(SolutionConfigurationPlatforms) = preSolution
		Debug|Any CPU = Debug|Any CPU
		Release|Any CPU = Release|Any CPU
	EndGlobalSection
	GlobalSection(NestedProjects) = preSolution
		{98D85CB1-F132-497C-9D80-0AF710BF7971} = {C9A3E7E4-64E5-45E0-9D15-B388EF676F8F}
		{F4BA6E7F-E1A7-4D9C-A429-839AD263D2CB} = {C9A3E7E4-64E5-45E0-9D15-B388EF676F8F}
		{F5D5F10E-21EB-4DEE-971A-F691FC8885F5} = {511FB84B-57FD-4B53-A1E1-B960A28C2C92}
		{C1C27D75-C917-408D-9C3F-9D2004DC784F} = {511FB84B-57FD-4B53-A1E1-B960A28C2C92}
		{19EA2FE3-08E3-4636-B611-86A90A9B9A97} = {FA339A34-2776-4250-AD5E-56CCBDFAE637}
		{8132944E-204A-4100-A424-FF8C7C188890} = {FA339A34-2776-4250-AD5E-56CCBDFAE637}
		{892A703F-123F-4FD9-AC82-5218F5A6E267} = {F1911B8F-ABC9-4F49-9C1E-30BA1E5D874E}
		{61568B82-0777-465F-B507-000EAF70D51C} = {F1911B8F-ABC9-4F49-9C1E-30BA1E5D874E}
	EndGlobalSection
	GlobalSection(ProjectConfigurationPlatforms) = postSolution
		{98D85CB1-F132-497C-9D80-0AF710BF7971}.Debug|Any CPU.ActiveCfg = Debug|Any CPU
		{98D85CB1-F132-497C-9D80-0AF710BF7971}.Debug|Any CPU.Build.0 = Debug|Any CPU
		{98D85CB1-F132-497C-9D80-0AF710BF7971}.Release|Any CPU.ActiveCfg = Release|Any CPU
		{98D85CB1-F132-497C-9D80-0AF710BF7971}.Release|Any CPU.Build.0 = Release|Any CPU
		{F4BA6E7F-E1A7-4D9C-A429-839AD263D2CB}.Debug|Any CPU.ActiveCfg = Debug|Any CPU
		{F4BA6E7F-E1A7-4D9C-A429-839AD263D2CB}.Debug|Any CPU.Build.0 = Debug|Any CPU
		{F4BA6E7F-E1A7-4D9C-A429-839AD263D2CB}.Release|Any CPU.ActiveCfg = Release|Any CPU
		{F4BA6E7F-E1A7-4D9C-A429-839AD263D2CB}.Release|Any CPU.Build.0 = Release|Any CPU
		{F5D5F10E-21EB-4DEE-971A-F691FC8885F5}.Debug|Any CPU.ActiveCfg = Debug|Any CPU
		{F5D5F10E-21EB-4DEE-971A-F691FC8885F5}.Debug|Any CPU.Build.0 = Debug|Any CPU
		{F5D5F10E-21EB-4DEE-971A-F691FC8885F5}.Release|Any CPU.ActiveCfg = Release|Any CPU
		{F5D5F10E-21EB-4DEE-971A-F691FC8885F5}.Release|Any CPU.Build.0 = Release|Any CPU
		{C1C27D75-C917-408D-9C3F-9D2004DC784F}.Debug|Any CPU.ActiveCfg = Debug|Any CPU
		{C1C27D75-C917-408D-9C3F-9D2004DC784F}.Debug|Any CPU.Build.0 = Debug|Any CPU
		{C1C27D75-C917-408D-9C3F-9D2004DC784F}.Release|Any CPU.ActiveCfg = Release|Any CPU
		{C1C27D75-C917-408D-9C3F-9D2004DC784F}.Release|Any CPU.Build.0 = Release|Any CPU
		{19EA2FE3-08E3-4636-B611-86A90A9B9A97}.Debug|Any CPU.ActiveCfg = Debug|Any CPU
		{19EA2FE3-08E3-4636-B611-86A90A9B9A97}.Debug|Any CPU.Build.0 = Debug|Any CPU
		{19EA2FE3-08E3-4636-B611-86A90A9B9A97}.Release|Any CPU.ActiveCfg = Release|Any CPU
		{19EA2FE3-08E3-4636-B611-86A90A9B9A97}.Release|Any CPU.Build.0 = Release|Any CPU
		{8132944E-204A-4100-A424-FF8C7C188890}.Debug|Any CPU.ActiveCfg = Debug|Any CPU
		{8132944E-204A-4100-A424-FF8C7C188890}.Debug|Any CPU.Build.0 = Debug|Any CPU
		{8132944E-204A-4100-A424-FF8C7C188890}.Release|Any CPU.ActiveCfg = Release|Any CPU
		{8132944E-204A-4100-A424-FF8C7C188890}.Release|Any CPU.Build.0 = Release|Any CPU
		{892A703F-123F-4FD9-AC82-5218F5A6E267}.Debug|Any CPU.ActiveCfg = Debug|Any CPU
		{892A703F-123F-4FD9-AC82-5218F5A6E267}.Debug|Any CPU.Build.0 = Debug|Any CPU
		{892A703F-123F-4FD9-AC82-5218F5A6E267}.Release|Any CPU.ActiveCfg = Release|Any CPU
		{892A703F-123F-4FD9-AC82-5218F5A6E267}.Release|Any CPU.Build.0 = Release|Any CPU
		{61568B82-0777-465F-B507-000EAF70D51C}.Debug|Any CPU.ActiveCfg = Debug|Any CPU
		{61568B82-0777-465F-B507-000EAF70D51C}.Debug|Any CPU.Build.0 = Debug|Any CPU
		{61568B82-0777-465F-B507-000EAF70D51C}.Release|Any CPU.ActiveCfg = Release|Any CPU
		{61568B82-0777-465F-B507-000EAF70D51C}.Release|Any CPU.Build.0 = Release|Any CPU
	EndGlobalSection
EndGlobal
